
Microsoft Visual Studio Solution File, Format Version 11.00
# Visual Studio 2010
Project("{FAE04EC0-301F-11D3-BF4B-00C04F79EFBC}") = "Assembly-CSharp", "Assembly-CSharp.csproj", "{296dbd12-a3de-358f-c6ee-01222a3c7c0f}"
EndProject
Project("{FAE04EC0-301F-11D3-BF4B-00C04F79EFBC}") = "Assembly-CSharp-Editor", "Assembly-CSharp-Editor.csproj", "{f5fc143c-48d3-41c1-1ea7-258fa57bc615}"
EndProject
Global
	GlobalSection(SolutionConfigurationPlatforms) = preSolution
		Debug|Any CPU = Debug|Any CPU
	EndGlobalSection
	GlobalSection(ProjectConfigurationPlatforms) = postSolution
		{296dbd12-a3de-358f-c6ee-01222a3c7c0f}.Debug|Any CPU.ActiveCfg = Debug|Any CPU
		{296dbd12-a3de-358f-c6ee-01222a3c7c0f}.Debug|Any CPU.Build.0 = Debug|Any CPU
		{f5fc143c-48d3-41c1-1ea7-258fa57bc615}.Debug|Any CPU.ActiveCfg = Debug|Any CPU
		{f5fc143c-48d3-41c1-1ea7-258fa57bc615}.Debug|Any CPU.Build.0 = Debug|Any CPU
	EndGlobalSection
	GlobalSection(SolutionProperties) = preSolution
		HideSolutionNode = FALSE
	EndGlobalSection
EndGlobal
